// !$*UTF8*$!
{
	archiveVersion = 1;
	classes = {
	};
	objectVersion = 56;
	objects = {

/* Begin PBXBuildFile section */
		52D172DA2D4B9C400073A7CB /* AppDelegate.swift in Sources */ = {isa = PBXBuildFile; fileRef = 52D172D92D4B9C400073A7CB /* AppDelegate.swift */; };
		52D172DC2D4B9C400073A7CB /* SceneDelegate.swift in Sources */ = {isa = PBXBuildFile; fileRef = 52D172DB2D4B9C400073A7CB /* SceneDelegate.swift */; };
		52D172DE2D4B9C400073A7CB /* ViewController.swift in Sources */ = {isa = PBXBuildFile; fileRef = 52D172DD2D4B9C400073A7CB /* ViewController.swift */; };
		52D172E12D4B9C400073A7CB /* Main.storyboard in Resources */ = {isa = PBXBuildFile; fileRef = 52D172DF2D4B9C400073A7CB /* Main.storyboard */; };
		52D172E32D4B9C420073A7CB /* Assets.xcassets in Resources */ = {isa = PBXBuildFile; fileRef = 52D172E22D4B9C420073A7CB /* Assets.xcassets */; };
		52D172E62D4B9C420073A7CB /* LaunchScreen.storyboard in Resources */ = {isa = PBXBuildFile; fileRef = 52D172E42D4B9C420073A7CB /* LaunchScreen.storyboard */; };
		52D173202D4BA46F0073A7CB /* juz2.json in Resources */ = {isa = PBXBuildFile; fileRef = 52D173022D4BA46C0073A7CB /* juz2.json */; };
		52D173212D4BA46F0073A7CB /* juz17.json in Resources */ = {isa = PBXBuildFile; fileRef = 52D173032D4BA46C0073A7CB /* juz17.json */; };
		52D173222D4BA46F0073A7CB /* juz7.json in Resources */ = {isa = PBXBuildFile; fileRef = 52D173042D4BA46C0073A7CB /* juz7.json */; };
		52D173232D4BA46F0073A7CB /* juz1.json in Resources */ = {isa = PBXBuildFile; fileRef = 52D173052D4BA46C0073A7CB /* juz1.json */; };
		52D173242D4BA46F0073A7CB /* juz29.json in Resources */ = {isa = PBXBuildFile; fileRef = 52D173062D4BA46C0073A7CB /* juz29.json */; };
		52D173252D4BA46F0073A7CB /* juz12.json in Resources */ = {isa = PBXBuildFile; fileRef = 52D173072D4BA46C0073A7CB /* juz12.json */; };
		52D173262D4BA46F0073A7CB /* juz15.json in Resources */ = {isa = PBXBuildFile; fileRef = 52D173082D4BA46C0073A7CB /* juz15.json */; };
		52D173272D4BA46F0073A7CB /* juz18.json in Resources */ = {isa = PBXBuildFile; fileRef = 52D173092D4BA46D0073A7CB /* juz18.json */; };
		52D173282D4BA46F0073A7CB /* juz26.json in Resources */ = {isa = PBXBuildFile; fileRef = 52D1730A2D4BA46D0073A7CB /* juz26.json */; };
		52D173292D4BA46F0073A7CB /* juz4.json in Resources */ = {isa = PBXBuildFile; fileRef = 52D1730B2D4BA46D0073A7CB /* juz4.json */; };
		52D1732A2D4BA46F0073A7CB /* juz10.json in Resources */ = {isa = PBXBuildFile; fileRef = 52D1730C2D4BA46D0073A7CB /* juz10.json */; };
		52D1732B2D4BA46F0073A7CB /* juz5.json in Resources */ = {isa = PBXBuildFile; fileRef = 52D1730D2D4BA46D0073A7CB /* juz5.json */; };
		52D1732C2D4BA46F0073A7CB /* juz20.json in Resources */ = {isa = PBXBuildFile; fileRef = 52D1730E2D4BA46D0073A7CB /* juz20.json */; };
		52D1732D2D4BA46F0073A7CB /* juz3.json in Resources */ = {isa = PBXBuildFile; fileRef = 52D1730F2D4BA46D0073A7CB /* juz3.json */; };
		52D1732E2D4BA46F0073A7CB /* juz16.json in Resources */ = {isa = PBXBuildFile; fileRef = 52D173102D4BA46D0073A7CB /* juz16.json */; };
		52D1732F2D4BA46F0073A7CB /* juz28.json in Resources */ = {isa = PBXBuildFile; fileRef = 52D173112D4BA46D0073A7CB /* juz28.json */; };
		52D173302D4BA46F0073A7CB /* juz23.json in Resources */ = {isa = PBXBuildFile; fileRef = 52D173122D4BA46E0073A7CB /* juz23.json */; };
		52D173312D4BA4700073A7CB /* juz8.json in Resources */ = {isa = PBXBuildFile; fileRef = 52D173132D4BA46E0073A7CB /* juz8.json */; };
		52D173322D4BA4700073A7CB /* juz19.json in Resources */ = {isa = PBXBuildFile; fileRef = 52D173142D4BA46E0073A7CB /* juz19.json */; };
		52D173332D4BA4700073A7CB /* juz22.json in Resources */ = {isa = PBXBuildFile; fileRef = 52D173152D4BA46E0073A7CB /* juz22.json */; };
		52D173342D4BA4700073A7CB /* juz11.json in Resources */ = {isa = PBXBuildFile; fileRef = 52D173162D4BA46E0073A7CB /* juz11.json */; };
		52D173352D4BA4700073A7CB /* juz14.json in Resources */ = {isa = PBXBuildFile; fileRef = 52D173172D4BA46E0073A7CB /* juz14.json */; };
		52D173362D4BA4700073A7CB /* juz6.json in Resources */ = {isa = PBXBuildFile; fileRef = 52D173182D4BA46E0073A7CB /* juz6.json */; };
		52D173372D4BA4700073A7CB /* juz9.json in Resources */ = {isa = PBXBuildFile; fileRef = 52D173192D4BA46E0073A7CB /* juz9.json */; };
		52D173382D4BA4700073A7CB /* juz25.json in Resources */ = {isa = PBXBuildFile; fileRef = 52D1731A2D4BA46F0073A7CB /* juz25.json */; };
		52D173392D4BA4700073A7CB /* juz27.json in Resources */ = {isa = PBXBuildFile; fileRef = 52D1731B2D4BA46F0073A7CB /* juz27.json */; };
		52D1733A2D4BA4700073A7CB /* juz30.json in Resources */ = {isa = PBXBuildFile; fileRef = 52D1731C2D4BA46F0073A7CB /* juz30.json */; };
		52D1733B2D4BA4700073A7CB /* juz13.json in Resources */ = {isa = PBXBuildFile; fileRef = 52D1731D2D4BA46F0073A7CB /* juz13.json */; };
		52D1733C2D4BA4700073A7CB /* juz24.json in Resources */ = {isa = PBXBuildFile; fileRef = 52D1731E2D4BA46F0073A7CB /* juz24.json */; };
		52D1733D2D4BA4700073A7CB /* juz21.json in Resources */ = {isa = PBXBuildFile; fileRef = 52D1731F2D4BA46F0073A7CB /* juz21.json */; };
		7A4492F03A7285D5F59DCFB5 /* Pods_Test.framework in Frameworks */ = {isa = PBXBuildFile; fileRef = 0BF35CDF7C5FE0DF89824DF4 /* Pods_Test.framework */; };
/* End PBXBuildFile section */

/* Begin PBXFileReference section */
		0BF35CDF7C5FE0DF89824DF4 /* Pods_Test.framework */ = {isa = PBXFileReference; explicitFileType = wrapper.framework; includeInIndex = 0; path = Pods_Test.framework; sourceTree = BUILT_PRODUCTS_DIR; };
		52D172D62D4B9C400073A7CB /* Test.app */ = {isa = PBXFileReference; explicitFileType = wrapper.application; includeInIndex = 0; path = Test.app; sourceTree = BUILT_PRODUCTS_DIR; };
		52D172D92D4B9C400073A7CB /* AppDelegate.swift */ = {isa = PBXFileReference; lastKnownFileType = sourcecode.swift; path = AppDelegate.swift; sourceTree = "<group>"; };
		52D172DB2D4B9C400073A7CB /* SceneDelegate.swift */ = {isa = PBXFileReference; lastKnownFileType = sourcecode.swift; path = SceneDelegate.swift; sourceTree = "<group>"; };
		52D172DD2D4B9C400073A7CB /* ViewController.swift */ = {isa = PBXFileReference; lastKnownFileType = sourcecode.swift; path = ViewController.swift; sourceTree = "<group>"; };
		52D172E02D4B9C400073A7CB /* Base */ = {isa = PBXFileReference; lastKnownFileType = file.storyboard; name = Base; path = Base.lproj/Main.storyboard; sourceTree = "<group>"; };
		52D172E22D4B9C420073A7CB /* Assets.xcassets */ = {isa = PBXFileReference; lastKnownFileType = folder.assetcatalog; path = Assets.xcassets; sourceTree = "<group>"; };
		52D172E52D4B9C420073A7CB /* Base */ = {isa = PBXFileReference; lastKnownFileType = file.storyboard; name = Base; path = Base.lproj/LaunchScreen.storyboard; sourceTree = "<group>"; };
		52D172E72D4B9C420073A7CB /* Info.plist */ = {isa = PBXFileReference; lastKnownFileType = text.plist.xml; path = Info.plist; sourceTree = "<group>"; };
		52D173022D4BA46C0073A7CB /* juz2.json */ = {isa = PBXFileReference; fileEncoding = 4; lastKnownFileType = text.json; path = juz2.json; sourceTree = "<group>"; };
		52D173032D4BA46C0073A7CB /* juz17.json */ = {isa = PBXFileReference; fileEncoding = 4; lastKnownFileType = text.json; path = juz17.json; sourceTree = "<group>"; };
		52D173042D4BA46C0073A7CB /* juz7.json */ = {isa = PBXFileReference; fileEncoding = 4; lastKnownFileType = text.json; path = juz7.json; sourceTree = "<group>"; };
		52D173052D4BA46C0073A7CB /* juz1.json */ = {isa = PBXFileReference; fileEncoding = 4; lastKnownFileType = text.json; path = juz1.json; sourceTree = "<group>"; };
		52D173062D4BA46C0073A7CB /* juz29.json */ = {isa = PBXFileReference; fileEncoding = 4; lastKnownFileType = text.json; path = juz29.json; sourceTree = "<group>"; };
		52D173072D4BA46C0073A7CB /* juz12.json */ = {isa = PBXFileReference; fileEncoding = 4; lastKnownFileType = text.json; path = juz12.json; sourceTree = "<group>"; };
		52D173082D4BA46C0073A7CB /* juz15.json */ = {isa = PBXFileReference; fileEncoding = 4; lastKnownFileType = text.json; path = juz15.json; sourceTree = "<group>"; };
		52D173092D4BA46D0073A7CB /* juz18.json */ = {isa = PBXFileReference; fileEncoding = 4; lastKnownFileType = text.json; path = juz18.json; sourceTree = "<group>"; };
		52D1730A2D4BA46D0073A7CB /* juz26.json */ = {isa = PBXFileReference; fileEncoding = 4; lastKnownFileType = text.json; path = juz26.json; sourceTree = "<group>"; };
		52D1730B2D4BA46D0073A7CB /* juz4.json */ = {isa = PBXFileReference; fileEncoding = 4; lastKnownFileType = text.json; path = juz4.json; sourceTree = "<group>"; };
		52D1730C2D4BA46D0073A7CB /* juz10.json */ = {isa = PBXFileReference; fileEncoding = 4; lastKnownFileType = text.json; path = juz10.json; sourceTree = "<group>"; };
		52D1730D2D4BA46D0073A7CB /* juz5.json */ = {isa = PBXFileReference; fileEncoding = 4; lastKnownFileType = text.json; path = juz5.json; sourceTree = "<group>"; };
		52D1730E2D4BA46D0073A7CB /* juz20.json */ = {isa = PBXFileReference; fileEncoding = 4; lastKnownFileType = text.json; path = juz20.json; sourceTree = "<group>"; };
		52D1730F2D4BA46D0073A7CB /* juz3.json */ = {isa = PBXFileReference; fileEncoding = 4; lastKnownFileType = text.json; path = juz3.json; sourceTree = "<group>"; };
		52D173102D4BA46D0073A7CB /* juz16.json */ = {isa = PBXFileReference; fileEncoding = 4; lastKnownFileType = text.json; path = juz16.json; sourceTree = "<group>"; };
		52D173112D4BA46D0073A7CB /* juz28.json */ = {isa = PBXFileReference; fileEncoding = 4; lastKnownFileType = text.json; path = juz28.json; sourceTree = "<group>"; };
		52D173122D4BA46E0073A7CB /* juz23.json */ = {isa = PBXFileReference; fileEncoding = 4; lastKnownFileType = text.json; path = juz23.json; sourceTree = "<group>"; };
		52D173132D4BA46E0073A7CB /* juz8.json */ = {isa = PBXFileReference; fileEncoding = 4; lastKnownFileType = text.json; path = juz8.json; sourceTree = "<group>"; };
		52D173142D4BA46E0073A7CB /* juz19.json */ = {isa = PBXFileReference; fileEncoding = 4; lastKnownFileType = text.json; path = juz19.json; sourceTree = "<group>"; };
		52D173152D4BA46E0073A7CB /* juz22.json */ = {isa = PBXFileReference; fileEncoding = 4; lastKnownFileType = text.json; path = juz22.json; sourceTree = "<group>"; };
		52D173162D4BA46E0073A7CB /* juz11.json */ = {isa = PBXFileReference; fileEncoding = 4; lastKnownFileType = text.json; path = juz11.json; sourceTree = "<group>"; };
		52D173172D4BA46E0073A7CB /* juz14.json */ = {isa = PBXFileReference; fileEncoding = 4; lastKnownFileType = text.json; path = juz14.json; sourceTree = "<group>"; };
		52D173182D4BA46E0073A7CB /* juz6.json */ = {isa = PBXFileReference; fileEncoding = 4; lastKnownFileType = text.json; path = juz6.json; sourceTree = "<group>"; };
		52D173192D4BA46E0073A7CB /* juz9.json */ = {isa = PBXFileReference; fileEncoding = 4; lastKnownFileType = text.json; path = juz9.json; sourceTree = "<group>"; };
		52D1731A2D4BA46F0073A7CB /* juz25.json */ = {isa = PBXFileReference; fileEncoding = 4; lastKnownFileType = text.json; path = juz25.json; sourceTree = "<group>"; };
		52D1731B2D4BA46F0073A7CB /* juz27.json */ = {isa = PBXFileReference; fileEncoding = 4; lastKnownFileType = text.json; path = juz27.json; sourceTree = "<group>"; };
		52D1731C2D4BA46F0073A7CB /* juz30.json */ = {isa = PBXFileReference; fileEncoding = 4; lastKnownFileType = text.json; path = juz30.json; sourceTree = "<group>"; };
		52D1731D2D4BA46F0073A7CB /* juz13.json */ = {isa = PBXFileReference; fileEncoding = 4; lastKnownFileType = text.json; path = juz13.json; sourceTree = "<group>"; };
		52D1731E2D4BA46F0073A7CB /* juz24.json */ = {isa = PBXFileReference; fileEncoding = 4; lastKnownFileType = text.json; path = juz24.json; sourceTree = "<group>"; };
		52D1731F2D4BA46F0073A7CB /* juz21.json */ = {isa = PBXFileReference; fileEncoding = 4; lastKnownFileType = text.json; path = juz21.json; sourceTree = "<group>"; };
		9CDC0FAD0516EB9E31917200 /* Pods-Test.debug.xcconfig */ = {isa = PBXFileReference; includeInIndex = 1; lastKnownFileType = text.xcconfig; name = "Pods-Test.debug.xcconfig"; path = "Target Support Files/Pods-Test/Pods-Test.debug.xcconfig"; sourceTree = "<group>"; };
		EC43E3FF8FC104D58ABB2012 /* Pods-Test.release.xcconfig */ = {isa = PBXFileReference; includeInIndex = 1; lastKnownFileType = text.xcconfig; name = "Pods-Test.release.xcconfig"; path = "Target Support Files/Pods-Test/Pods-Test.release.xcconfig"; sourceTree = "<group>"; };
/* End PBXFileReference section */

/* Begin PBXFrameworksBuildPhase section */
		52D172D32D4B9C400073A7CB /* Frameworks */ = {
			isa = PBXFrameworksBuildPhase;
			buildActionMask = 2147483647;
			files = (
				7A4492F03A7285D5F59DCFB5 /* Pods_Test.framework in Frameworks */,
			);
			runOnlyForDeploymentPostprocessing = 0;
		};
/* End PBXFrameworksBuildPhase section */

/* Begin PBXGroup section */
		3F683A7551390CEF62DEC516 /* Frameworks */ = {
			isa = PBXGroup;
			children = (
				0BF35CDF7C5FE0DF89824DF4 /* Pods_Test.framework */,
			);
			name = Frameworks;
			sourceTree = "<group>";
		};
		4C18E75102D88271EF3C9170 /* Pods */ = {
			isa = PBXGroup;
			children = (
				9CDC0FAD0516EB9E31917200 /* Pods-Test.debug.xcconfig */,
				EC43E3FF8FC104D58ABB2012 /* Pods-Test.release.xcconfig */,
			);
			path = Pods;
			sourceTree = "<group>";
		};
		52D172CD2D4B9C400073A7CB = {
			isa = PBXGroup;
			children = (
				52D172D82D4B9C400073A7CB /* Test */,
				52D172D72D4B9C400073A7CB /* Products */,
				4C18E75102D88271EF3C9170 /* Pods */,
				3F683A7551390CEF62DEC516 /* Frameworks */,
			);
			sourceTree = "<group>";
		};
		52D172D72D4B9C400073A7CB /* Products */ = {
			isa = PBXGroup;
			children = (
				52D172D62D4B9C400073A7CB /* Test.app */,
			);
			name = Products;
			sourceTree = "<group>";
		};
		52D172D82D4B9C400073A7CB /* Test */ = {
			isa = PBXGroup;
			children = (
				52D172ED2D4B9C600073A7CB /* json */,
				52D172D92D4B9C400073A7CB /* AppDelegate.swift */,
				52D172DB2D4B9C400073A7CB /* SceneDelegate.swift */,
				52D172DD2D4B9C400073A7CB /* ViewController.swift */,
				52D172DF2D4B9C400073A7CB /* Main.storyboard */,
				52D172E22D4B9C420073A7CB /* Assets.xcassets */,
				52D172E42D4B9C420073A7CB /* LaunchScreen.storyboard */,
				52D172E72D4B9C420073A7CB /* Info.plist */,
			);
			path = Test;
			sourceTree = "<group>";
		};
		52D172ED2D4B9C600073A7CB /* json */ = {
			isa = PBXGroup;
			children = (
				52D173052D4BA46C0073A7CB /* juz1.json */,
				52D173022D4BA46C0073A7CB /* juz2.json */,
				52D173082D4BA46C0073A7CB /* juz15.json */,
				52D1730F2D4BA46D0073A7CB /* juz3.json */,
				52D1730B2D4BA46D0073A7CB /* juz4.json */,
				52D1730D2D4BA46D0073A7CB /* juz5.json */,
				52D173182D4BA46E0073A7CB /* juz6.json */,
				52D173042D4BA46C0073A7CB /* juz7.json */,
				52D173132D4BA46E0073A7CB /* juz8.json */,
				52D173192D4BA46E0073A7CB /* juz9.json */,
				52D1730C2D4BA46D0073A7CB /* juz10.json */,
				52D173162D4BA46E0073A7CB /* juz11.json */,
				52D173072D4BA46C0073A7CB /* juz12.json */,
				52D1731D2D4BA46F0073A7CB /* juz13.json */,
				52D173172D4BA46E0073A7CB /* juz14.json */,
				52D173102D4BA46D0073A7CB /* juz16.json */,
				52D173032D4BA46C0073A7CB /* juz17.json */,
				52D173092D4BA46D0073A7CB /* juz18.json */,
				52D173142D4BA46E0073A7CB /* juz19.json */,
				52D1730E2D4BA46D0073A7CB /* juz20.json */,
				52D1731F2D4BA46F0073A7CB /* juz21.json */,
				52D173152D4BA46E0073A7CB /* juz22.json */,
				52D173122D4BA46E0073A7CB /* juz23.json */,
				52D1731E2D4BA46F0073A7CB /* juz24.json */,
				52D1731A2D4BA46F0073A7CB /* juz25.json */,
				52D1730A2D4BA46D0073A7CB /* juz26.json */,
				52D1731B2D4BA46F0073A7CB /* juz27.json */,
				52D173112D4BA46D0073A7CB /* juz28.json */,
				52D173062D4BA46C0073A7CB /* juz29.json */,
				52D1731C2D4BA46F0073A7CB /* juz30.json */,
			);
			path = json;
			sourceTree = "<group>";
		};
/* End PBXGroup section */

/* Begin PBXNativeTarget section */
		52D172D52D4B9C400073A7CB /* Test */ = {
			isa = PBXNativeTarget;
			buildConfigurationList = 52D172EA2D4B9C420073A7CB /* Build configuration list for PBXNativeTarget "Test" */;
			buildPhases = (
				8073E228C3FD55AE8C463404 /* [CP] Check Pods Manifest.lock */,
				52D172D22D4B9C400073A7CB /* Sources */,
				52D172D32D4B9C400073A7CB /* Frameworks */,
				52D172D42D4B9C400073A7CB /* Resources */,
				EAA7D97280E67E058763DE7B /* [CP] Embed Pods Frameworks */,
			);
			buildRules = (
			);
			dependencies = (
			);
			name = Test;
			productName = Test;
			productReference = 52D172D62D4B9C400073A7CB /* Test.app */;
			productType = "com.apple.product-type.application";
		};
/* End PBXNativeTarget section */

/* Begin PBXProject section */
		52D172CE2D4B9C400073A7CB /* Project object */ = {
			isa = PBXProject;
			attributes = {
				BuildIndependentTargetsInParallel = 1;
				LastSwiftUpdateCheck = 1420;
				LastUpgradeCheck = 1420;
				TargetAttributes = {
					52D172D52D4B9C400073A7CB = {
						CreatedOnToolsVersion = 14.2;
					};
				};
			};
			buildConfigurationList = 52D172D12D4B9C400073A7CB /* Build configuration list for PBXProject "Test" */;
			compatibilityVersion = "Xcode 14.0";
			developmentRegion = en;
			hasScannedForEncodings = 0;
			knownRegions = (
				en,
				Base,
			);
			mainGroup = 52D172CD2D4B9C400073A7CB;
			productRefGroup = 52D172D72D4B9C400073A7CB /* Products */;
			projectDirPath = "";
			projectRoot = "";
			targets = (
				52D172D52D4B9C400073A7CB /* Test */,
			);
		};
/* End PBXProject section */

/* Begin PBXResourcesBuildPhase section */
		52D172D42D4B9C400073A7CB /* Resources */ = {
			isa = PBXResourcesBuildPhase;
			buildActionMask = 2147483647;
			files = (
				52D1732A2D4BA46F0073A7CB /* juz10.json in Resources */,
				52D173202D4BA46F0073A7CB /* juz2.json in Resources */,
				52D173292D4BA46F0073A7CB /* juz4.json in Resources */,
				52D173232D4BA46F0073A7CB /* juz1.json in Resources */,
				52D173302D4BA46F0073A7CB /* juz23.json in Resources */,
				52D1733B2D4BA4700073A7CB /* juz13.json in Resources */,
				52D172E62D4B9C420073A7CB /* LaunchScreen.storyboard in Resources */,
				52D173372D4BA4700073A7CB /* juz9.json in Resources */,
				52D173392D4BA4700073A7CB /* juz27.json in Resources */,
				52D172E32D4B9C420073A7CB /* Assets.xcassets in Resources */,
				52D1732D2D4BA46F0073A7CB /* juz3.json in Resources */,
				52D173222D4BA46F0073A7CB /* juz7.json in Resources */,
				52D1732E2D4BA46F0073A7CB /* juz16.json in Resources */,
				52D172E12D4B9C400073A7CB /* Main.storyboard in Resources */,
				52D173322D4BA4700073A7CB /* juz19.json in Resources */,
				52D1733A2D4BA4700073A7CB /* juz30.json in Resources */,
				52D173242D4BA46F0073A7CB /* juz29.json in Resources */,
				52D1733C2D4BA4700073A7CB /* juz24.json in Resources */,
				52D1733D2D4BA4700073A7CB /* juz21.json in Resources */,
				52D173382D4BA4700073A7CB /* juz25.json in Resources */,
				52D1732B2D4BA46F0073A7CB /* juz5.json in Resources */,
				52D173252D4BA46F0073A7CB /* juz12.json in Resources */,
				52D1732F2D4BA46F0073A7CB /* juz28.json in Resources */,
				52D173332D4BA4700073A7CB /* juz22.json in Resources */,
				52D173312D4BA4700073A7CB /* juz8.json in Resources */,
				52D173212D4BA46F0073A7CB /* juz17.json in Resources */,
				52D173272D4BA46F0073A7CB /* juz18.json in Resources */,
				52D1732C2D4BA46F0073A7CB /* juz20.json in Resources */,
				52D173342D4BA4700073A7CB /* juz11.json in Resources */,
				52D173362D4BA4700073A7CB /* juz6.json in Resources */,
				52D173262D4BA46F0073A7CB /* juz15.json in Resources */,
				52D173282D4BA46F0073A7CB /* juz26.json in Resources */,
				52D173352D4BA4700073A7CB /* juz14.json in Resources */,
			);
			runOnlyForDeploymentPostprocessing = 0;
		};
/* End PBXResourcesBuildPhase section */

/* Begin PBXShellScriptBuildPhase section */
		8073E228C3FD55AE8C463404 /* [CP] Check Pods Manifest.lock */ = {
			isa = PBXShellScriptBuildPhase;
			buildActionMask = 2147483647;
			files = (
			);
			inputFileListPaths = (
			);
			inputPaths = (
				"${PODS_PODFILE_DIR_PATH}/Podfile.lock",
				"${PODS_ROOT}/Manifest.lock",
			);
			name = "[CP] Check Pods Manifest.lock";
			outputFileListPaths = (
			);
			outputPaths = (
				"$(DERIVED_FILE_DIR)/Pods-Test-checkManifestLockResult.txt",
			);
			runOnlyForDeploymentPostprocessing = 0;
			shellPath = /bin/sh;
			shellScript = "diff \"${PODS_PODFILE_DIR_PATH}/Podfile.lock\" \"${PODS_ROOT}/Manifest.lock\" > /dev/null\nif [ $? != 0 ] ; then\n    # print error to STDERR\n    echo \"error: The sandbox is not in sync with the Podfile.lock. Run 'pod install' or update your CocoaPods installation.\" >&2\n    exit 1\nfi\n# This output is used by Xcode 'outputs' to avoid re-running this script phase.\necho \"SUCCESS\" > \"${SCRIPT_OUTPUT_FILE_0}\"\n";
			showEnvVarsInLog = 0;
		};
		EAA7D97280E67E058763DE7B /* [CP] Embed Pods Frameworks */ = {
			isa = PBXShellScriptBuildPhase;
			buildActionMask = 2147483647;
			files = (
			);
			inputFileListPaths = (
				"${PODS_ROOT}/Target Support Files/Pods-Test/Pods-Test-frameworks-${CONFIGURATION}-input-files.xcfilelist",
			);
			name = "[CP] Embed Pods Frameworks";
			outputFileListPaths = (
				"${PODS_ROOT}/Target Support Files/Pods-Test/Pods-Test-frameworks-${CONFIGURATION}-output-files.xcfilelist",
			);
			runOnlyForDeploymentPostprocessing = 0;
			shellPath = /bin/sh;
			shellScript = "\"${PODS_ROOT}/Target Support Files/Pods-Test/Pods-Test-frameworks.sh\"\n";
			showEnvVarsInLog = 0;
		};
/* End PBXShellScriptBuildPhase section */

/* Begin PBXSourcesBuildPhase section */
		52D172D22D4B9C400073A7CB /* Sources */ = {
			isa = PBXSourcesBuildPhase;
			buildActionMask = 2147483647;
			files = (
				52D172DE2D4B9C400073A7CB /* ViewController.swift in Sources */,
				52D172DA2D4B9C400073A7CB /* AppDelegate.swift in Sources */,
				52D172DC2D4B9C400073A7CB /* SceneDelegate.swift in Sources */,
			);
			runOnlyForDeploymentPostprocessing = 0;
		};
/* End PBXSourcesBuildPhase section */

/* Begin PBXVariantGroup section */
		52D172DF2D4B9C400073A7CB /* Main.storyboard */ = {
			isa = PBXVariantGroup;
			children = (
				52D172E02D4B9C400073A7CB /* Base */,
			);
			name = Main.storyboard;
			sourceTree = "<group>";
		};
		52D172E42D4B9C420073A7CB /* LaunchScreen.storyboard */ = {
			isa = PBXVariantGroup;
			children = (
				52D172E52D4B9C420073A7CB /* Base */,
			);
			name = LaunchScreen.storyboard;
			sourceTree = "<group>";
		};
/* End PBXVariantGroup section */

/* Begin XCBuildConfiguration section */
		52D172E82D4B9C420073A7CB /* Debug */ = {
			isa = XCBuildConfiguration;
			buildSettings = {
				ALWAYS_SEARCH_USER_PATHS = NO;
				CLANG_ANALYZER_NONNULL = YES;
				CLANG_ANALYZER_NUMBER_OBJECT_CONVERSION = YES_AGGRESSIVE;
				CLANG_CXX_LANGUAGE_STANDARD = "gnu++20";
				CLANG_ENABLE_MODULES = YES;
				CLANG_ENABLE_OBJC_ARC = YES;
				CLANG_ENABLE_OBJC_WEAK = YES;
				CLANG_WARN_BLOCK_CAPTURE_AUTORELEASING = YES;
				CLANG_WARN_BOOL_CONVERSION = YES;
				CLANG_WARN_COMMA = YES;
				CLANG_WARN_CONSTANT_CONVERSION = YES;
				CLANG_WARN_DEPRECATED_OBJC_IMPLEMENTATIONS = YES;
				CLANG_WARN_DIRECT_OBJC_ISA_USAGE = YES_ERROR;
				CLANG_WARN_DOCUMENTATION_COMMENTS = YES;
				CLANG_WARN_EMPTY_BODY = YES;
				CLANG_WARN_ENUM_CONVERSION = YES;
				CLANG_WARN_INFINITE_RECURSION = YES;
				CLANG_WARN_INT_CONVERSION = YES;
				CLANG_WARN_NON_LITERAL_NULL_CONVERSION = YES;
				CLANG_WARN_OBJC_IMPLICIT_RETAIN_SELF = YES;
				CLANG_WARN_OBJC_LITERAL_CONVERSION = YES;
				CLANG_WARN_OBJC_ROOT_CLASS = YES_ERROR;
				CLANG_WARN_QUOTED_INCLUDE_IN_FRAMEWORK_HEADER = YES;
				CLANG_WARN_RANGE_LOOP_ANALYSIS = YES;
				CLANG_WARN_STRICT_PROTOTYPES = YES;
				CLANG_WARN_SUSPICIOUS_MOVE = YES;
				CLANG_WARN_UNGUARDED_AVAILABILITY = YES_AGGRESSIVE;
				CLANG_WARN_UNREACHABLE_CODE = YES;
				CLANG_WARN__DUPLICATE_METHOD_MATCH = YES;
				COPY_PHASE_STRIP = NO;
				DEBUG_INFORMATION_FORMAT = dwarf;
				ENABLE_STRICT_OBJC_MSGSEND = YES;
				ENABLE_TESTABILITY = YES;
				GCC_C_LANGUAGE_STANDARD = gnu11;
				GCC_DYNAMIC_NO_PIC = NO;
				GCC_NO_COMMON_BLOCKS = YES;
				GCC_OPTIMIZATION_LEVEL = 0;
				GCC_PREPROCESSOR_DEFINITIONS = (
					"DEBUG=1",
					"$(inherited)",
				);
				GCC_WARN_64_TO_32_BIT_CONVERSION = YES;
				GCC_WARN_ABOUT_RETURN_TYPE = YES_ERROR;
				GCC_WARN_UNDECLARED_SELECTOR = YES;
				GCC_WARN_UNINITIALIZED_AUTOS = YES_AGGRESSIVE;
				GCC_WARN_UNUSED_FUNCTION = YES;
				GCC_WARN_UNUSED_VARIABLE = YES;
				IPHONEOS_DEPLOYMENT_TARGET = 16.2;
				MTL_ENABLE_DEBUG_INFO = INCLUDE_SOURCE;
				MTL_FAST_MATH = YES;
				ONLY_ACTIVE_ARCH = YES;
				SDKROOT = iphoneos;
				SWIFT_ACTIVE_COMPILATION_CONDITIONS = DEBUG;
				SWIFT_OPTIMIZATION_LEVEL = "-Onone";
			};
			name = Debug;
		};
		52D172E92D4B9C420073A7CB /* Release */ = {
			isa = XCBuildConfiguration;
			buildSettings = {
				ALWAYS_SEARCH_USER_PATHS = NO;
				CLANG_ANALYZER_NONNULL = YES;
				CLANG_ANALYZER_NUMBER_OBJECT_CONVERSION = YES_AGGRESSIVE;
				CLANG_CXX_LANGUAGE_STANDARD = "gnu++20";
				CLANG_ENABLE_MODULES = YES;
				CLANG_ENABLE_OBJC_ARC = YES;
				CLANG_ENABLE_OBJC_WEAK = YES;
				CLANG_WARN_BLOCK_CAPTURE_AUTORELEASING = YES;
				CLANG_WARN_BOOL_CONVERSION = YES;
				CLANG_WARN_COMMA = YES;
				CLANG_WARN_CONSTANT_CONVERSION = YES;
				CLANG_WARN_DEPRECATED_OBJC_IMPLEMENTATIONS = YES;
				CLANG_WARN_DIRECT_OBJC_ISA_USAGE = YES_ERROR;
				CLANG_WARN_DOCUMENTATION_COMMENTS = YES;
				CLANG_WARN_EMPTY_BODY = YES;
				CLANG_WARN_ENUM_CONVERSION = YES;
				CLANG_WARN_INFINITE_RECURSION = YES;
				CLANG_WARN_INT_CONVERSION = YES;
				CLANG_WARN_NON_LITERAL_NULL_CONVERSION = YES;
				CLANG_WARN_OBJC_IMPLICIT_RETAIN_SELF = YES;
				CLANG_WARN_OBJC_LITERAL_CONVERSION = YES;
				CLANG_WARN_OBJC_ROOT_CLASS = YES_ERROR;
				CLANG_WARN_QUOTED_INCLUDE_IN_FRAMEWORK_HEADER = YES;
				CLANG_WARN_RANGE_LOOP_ANALYSIS = YES;
				CLANG_WARN_STRICT_PROTOTYPES = YES;
				CLANG_WARN_SUSPICIOUS_MOVE = YES;
				CLANG_WARN_UNGUARDED_AVAILABILITY = YES_AGGRESSIVE;
				CLANG_WARN_UNREACHABLE_CODE = YES;
				CLANG_WARN__DUPLICATE_METHOD_MATCH = YES;
				COPY_PHASE_STRIP = NO;
				DEBUG_INFORMATION_FORMAT = "dwarf-with-dsym";
				ENABLE_NS_ASSERTIONS = NO;
				ENABLE_STRICT_OBJC_MSGSEND = YES;
				GCC_C_LANGUAGE_STANDARD = gnu11;
				GCC_NO_COMMON_BLOCKS = YES;
				GCC_WARN_64_TO_32_BIT_CONVERSION = YES;
				GCC_WARN_ABOUT_RETURN_TYPE = YES_ERROR;
				GCC_WARN_UNDECLARED_SELECTOR = YES;
				GCC_WARN_UNINITIALIZED_AUTOS = YES_AGGRESSIVE;
				GCC_WARN_UNUSED_FUNCTION = YES;
				GCC_WARN_UNUSED_VARIABLE = YES;
				IPHONEOS_DEPLOYMENT_TARGET = 16.2;
				MTL_ENABLE_DEBUG_INFO = NO;
				MTL_FAST_MATH = YES;
				SDKROOT = iphoneos;
				SWIFT_COMPILATION_MODE = wholemodule;
				SWIFT_OPTIMIZATION_LEVEL = "-O";
				VALIDATE_PRODUCT = YES;
			};
			name = Release;
		};
		52D172EB2D4B9C420073A7CB /* Debug */ = {
			isa = XCBuildConfiguration;
			baseConfigurationReference = 9CDC0FAD0516EB9E31917200 /* Pods-Test.debug.xcconfig */;
			buildSettings = {
				ASSETCATALOG_COMPILER_APPICON_NAME = AppIcon;
				ASSETCATALOG_COMPILER_GLOBAL_ACCENT_COLOR_NAME = AccentColor;
				CODE_SIGN_STYLE = Automatic;
				CURRENT_PROJECT_VERSION = 1;
				DEVELOPMENT_TEAM = B6225A755G;
				GENERATE_INFOPLIST_FILE = YES;
				INFOPLIST_FILE = Test/Info.plist;
				INFOPLIST_KEY_UIApplicationSupportsIndirectInputEvents = YES;
				INFOPLIST_KEY_UILaunchStoryboardName = LaunchScreen;
				INFOPLIST_KEY_UIMainStoryboardFile = Main;
				INFOPLIST_KEY_UISupportedInterfaceOrientations_iPad = "UIInterfaceOrientationPortrait UIInterfaceOrientationPortraitUpsideDown UIInterfaceOrientationLandscapeLeft UIInterfaceOrientationLandscapeRight";
				INFOPLIST_KEY_UISupportedInterfaceOrientations_iPhone = "UIInterfaceOrientationPortrait UIInterfaceOrientationLandscapeLeft UIInterfaceOrientationLandscapeRight";
				IPHONEOS_DEPLOYMENT_TARGET = 13.0;
				LD_RUNPATH_SEARCH_PATHS = (
					"$(inherited)",
					"@executable_path/Frameworks",
				);
				MARKETING_VERSION = 1.0;
				PRODUCT_BUNDLE_IDENTIFIER = com.abc.admobproject.Test;
				PRODUCT_NAME = "$(TARGET_NAME)";
				SWIFT_EMIT_LOC_STRINGS = YES;
				SWIFT_VERSION = 5.0;
				TARGETED_DEVICE_FAMILY = "1,2";
			};
			name = Debug;
		};
		52D172EC2D4B9C420073A7CB /* Release */ = {
			isa = XCBuildConfiguration;
			baseConfigurationReference = EC43E3FF8FC104D58ABB2012 /* Pods-Test.release.xcconfig */;
			buildSettings = {
				ASSETCATALOG_COMPILER_APPICON_NAME = AppIcon;
				ASSETCATALOG_COMPILER_GLOBAL_ACCENT_COLOR_NAME = AccentColor;
				CODE_SIGN_STYLE = Automatic;
				CURRENT_PROJECT_VERSION = 1;
				DEVELOPMENT_TEAM = B6225A755G;
				GENERATE_INFOPLIST_FILE = YES;
				INFOPLIST_FILE = Test/Info.plist;
				INFOPLIST_KEY_UIApplicationSupportsIndirectInputEvents = YES;
				INFOPLIST_KEY_UILaunchStoryboardName = LaunchScreen;
				INFOPLIST_KEY_UIMainStoryboardFile = Main;
				INFOPLIST_KEY_UISupportedInterfaceOrientations_iPad = "UIInterfaceOrientationPortrait UIInterfaceOrientationPortraitUpsideDown UIInterfaceOrientationLandscapeLeft UIInterfaceOrientationLandscapeRight";
				INFOPLIST_KEY_UISupportedInterfaceOrientations_iPhone = "UIInterfaceOrientationPortrait UIInterfaceOrientationLandscapeLeft UIInterfaceOrientationLandscapeRight";
				IPHONEOS_DEPLOYMENT_TARGET = 13.0;
				LD_RUNPATH_SEARCH_PATHS = (
					"$(inherited)",
					"@executable_path/Frameworks",
				);
				MARKETING_VERSION = 1.0;
				PRODUCT_BUNDLE_IDENTIFIER = com.abc.admobproject.Test;
				PRODUCT_NAME = "$(TARGET_NAME)";
				SWIFT_EMIT_LOC_STRINGS = YES;
				SWIFT_VERSION = 5.0;
				TARGETED_DEVICE_FAMILY = "1,2";
			};
			name = Release;
		};
/* End XCBuildConfiguration section */

/* Begin XCConfigurationList section */
		52D172D12D4B9C400073A7CB /* Build configuration list for PBXProject "Test" */ = {
			isa = XCConfigurationList;
			buildConfigurations = (
				52D172E82D4B9C420073A7CB /* Debug */,
				52D172E92D4B9C420073A7CB /* Release */,
			);
			defaultConfigurationIsVisible = 0;
			defaultConfigurationName = Release;
		};
		52D172EA2D4B9C420073A7CB /* Build configuration list for PBXNativeTarget "Test" */ = {
			isa = XCConfigurationList;
			buildConfigurations = (
				52D172EB2D4B9C420073A7CB /* Debug */,
				52D172EC2D4B9C420073A7CB /* Release */,
			);
			defaultConfigurationIsVisible = 0;
			defaultConfigurationName = Release;
		};
/* End XCConfigurationList section */
	};
	rootObject = 52D172CE2D4B9C400073A7CB /* Project object */;
}
